// !$*UTF8*$!
{
	archiveVersion = 1;
	classes = {
	};
	objectVersion = 46;
	objects = {

/* Begin PBXBuildFile section */
		DC991FFC1C704C0600FE8B30 /* main.m in Sources */ = {isa = PBXBuildFile; fileRef = DC991FFB1C704C0600FE8B30 /* main.m */; };
		DC991FFF1C704C0600FE8B30 /* AppDelegate.m in Sources */ = {isa = PBXBuildFile; fileRef = DC991FFE1C704C0600FE8B30 /* AppDelegate.m */; };
		DC9920021C704C0600FE8B30 /* ViewController.m in Sources */ = {isa = PBXBuildFile; fileRef = DC9920011C704C0600FE8B30 /* ViewController.m */; };
		DC9920051C704C0600FE8B30 /* Main.storyboard in Resources */ = {isa = PBXBuildFile; fileRef = DC9920031C704C0600FE8B30 /* Main.storyboard */; };
		DC9920071C704C0600FE8B30 /* Assets.xcassets in Resources */ = {isa = PBXBuildFile; fileRef = DC9920061C704C0600FE8B30 /* Assets.xcassets */; };
		DC99200A1C704C0600FE8B30 /* LaunchScreen.storyboard in Resources */ = {isa = PBXBuildFile; fileRef = DC9920081C704C0600FE8B30 /* LaunchScreen.storyboard */; };
/* End PBXBuildFile section */

/* Begin PBXFileReference section */
		DC991FF71C704C0600FE8B30 /* MyHood.app */ = {isa = PBXFileReference; explicitFileType = wrapper.application; includeInIndex = 0; path = MyHood.app; sourceTree = BUILT_PRODUCTS_DIR; };
		DC991FFB1C704C0600FE8B30 /* main.m */ = {isa = PBXFileReference; lastKnownFileType = sourcecode.c.objc; path = main.m; sourceTree = "<group>"; };
		DC991FFD1C704C0600FE8B30 /* AppDelegate.h */ = {isa = PBXFileReference; lastKnownFileType = sourcecode.c.h; path = AppDelegate.h; sourceTree = "<group>"; };
		DC991FFE1C704C0600FE8B30 /* AppDelegate.m */ = {isa = PBXFileReference; lastKnownFileType = sourcecode.c.objc; path = AppDelegate.m; sourceTree = "<group>"; };
		DC9920001C704C0600FE8B30 /* ViewController.h */ = {isa = PBXFileReference; lastKnownFileType = sourcecode.c.h; path = ViewController.h; sourceTree = "<group>"; };
		DC9920011C704C0600FE8B30 /* ViewController.m */ = {isa = PBXFileReference; lastKnownFileType = sourcecode.c.objc; path = ViewController.m; sourceTree = "<group>"; };
		DC9920041C704C0600FE8B30 /* Base */ = {isa = PBXFileReference; lastKnownFileType = file.storyboard; name = Base; path = Base.lproj/Main.storyboard; sourceTree = "<group>"; };
		DC9920061C704C0600FE8B30 /* Assets.xcassets */ = {isa = PBXFileReference; lastKnownFileType = folder.assetcatalog; path = Assets.xcassets; sourceTree = "<group>"; };
		DC9920091C704C0600FE8B30 /* Base */ = {isa = PBXFileReference; lastKnownFileType = file.storyboard; name = Base; path = Base.lproj/LaunchScreen.storyboard; sourceTree = "<group>"; };
		DC99200B1C704C0600FE8B30 /* Info.plist */ = {isa = PBXFileReference; lastKnownFileType = text.plist.xml; path = Info.plist; sourceTree = "<group>"; };
/* End PBXFileReference section */

/* Begin PBXFrameworksBuildPhase section */
		DC991FF41C704C0600FE8B30 /* Frameworks */ = {
			isa = PBXFrameworksBuildPhase;
			buildActionMask = 2147483647;
			files = (
			);
			runOnlyForDeploymentPostprocessing = 0;
		};
/* End PBXFrameworksBuildPhase section */

/* Begin PBXGroup section */
		DC991FEE1C704C0600FE8B30 = {
			isa = PBXGroup;
			children = (
				DC991FF91C704C0600FE8B30 /* MyHood */,
				DC991FF81C704C0600FE8B30 /* Products */,
			);
			sourceTree = "<group>";
		};
		DC991FF81C704C0600FE8B30 /* Products */ = {
			isa = PBXGroup;
			children = (
				DC991FF71C704C0600FE8B30 /* MyHood.app */,
			);
			name = Products;
			sourceTree = "<group>";
		};
		DC991FF91C704C0600FE8B30 /* MyHood */ = {
			isa = PBXGroup;
			children = (
				DC991FFD1C704C0600FE8B30 /* AppDelegate.h */,
				DC991FFE1C704C0600FE8B30 /* AppDelegate.m */,
				DC9920001C704C0600FE8B30 /* ViewController.h */,
				DC9920011C704C0600FE8B30 /* ViewController.m */,
				DC9920031C704C0600FE8B30 /* Main.storyboard */,
				DC9920061C704C0600FE8B30 /* Assets.xcassets */,
				DC9920081C704C0600FE8B30 /* LaunchScreen.storyboard */,
				DC99200B1C704C0600FE8B30 /* Info.plist */,
				DC991FFA1C704C0600FE8B30 /* Supporting Files */,
			);
			path = MyHood;
			sourceTree = "<group>";
		};
		DC991FFA1C704C0600FE8B30 /* Supporting Files */ = {
			isa = PBXGroup;
			children = (
				DC991FFB1C704C0600FE8B30 /* main.m */,
			);
			name = "Supporting Files";
			sourceTree = "<group>";
		};
/* End PBXGroup section */

/* Begin PBXNativeTarget section */
		DC991FF61C704C0600FE8B30 /* MyHood */ = {
			isa = PBXNativeTarget;
			buildConfigurationList = DC99200E1C704C0600FE8B30 /* Build configuration list for PBXNativeTarget "MyHood" */;
			buildPhases = (
				DC991FF31C704C0600FE8B30 /* Sources */,
				DC991FF41C704C0600FE8B30 /* Frameworks */,
				DC991FF51C704C0600FE8B30 /* Resources */,
			);
			buildRules = (
			);
			dependencies = (
			);
			name = MyHood;
			productName = MyHood;
			productReference = DC991FF71C704C0600FE8B30 /* MyHood.app */;
			productType = "com.apple.product-type.application";
		};
/* End PBXNativeTarget section */

/* Begin PBXProject section */
		DC991FEF1C704C0600FE8B30 /* Project object */ = {
			isa = PBXProject;
			attributes = {
				LastUpgradeCheck = 0720;
				ORGANIZATIONNAME = Kersuzan;
				TargetAttributes = {
					DC991FF61C704C0600FE8B30 = {
						CreatedOnToolsVersion = 7.2.1;
					};
				};
			};
			buildConfigurationList = DC991FF21C704C0600FE8B30 /* Build configuration list for PBXProject "MyHood" */;
			compatibilityVersion = "Xcode 3.2";
			developmentRegion = English;
			hasScannedForEncodings = 0;
			knownRegions = (
				en,
				Base,
			);
			mainGroup = DC991FEE1C704C0600FE8B30;
			productRefGroup = DC991FF81C704C0600FE8B30 /* Products */;
			projectDirPath = "";
			projectRoot = "";
			targets = (
				DC991FF61C704C0600FE8B30 /* MyHood */,
			);
		};
/* End PBXProject section */

/* Begin PBXResourcesBuildPhase section */
		DC991FF51C704C0600FE8B30 /* Resources */ = {
			isa = PBXResourcesBuildPhase;
			buildActionMask = 2147483647;
			files = (
				DC99200A1C704C0600FE8B30 /* LaunchScreen.storyboard in Resources */,
				DC9920071C704C0600FE8B30 /* Assets.xcassets in Resources */,
				DC9920051C704C0600FE8B30 /* Main.storyboard in Resources */,
			);
			runOnlyForDeploymentPostprocessing = 0;
		};
/* End PBXResourcesBuildPhase section */

/* Begin PBXSourcesBuildPhase section */
		DC991FF31C704C0600FE8B30 /* Sources */ = {
			isa = PBXSourcesBuildPhase;
			buildActionMask = 2147483647;
			files = (
				DC9920021C704C0600FE8B30 /* ViewController.m in Sources */,
				DC991FFF1C704C0600FE8B30 /* AppDelegate.m in Sources */,
				DC991FFC1C704C0600FE8B30 /* main.m in Sources */,
			);
			runOnlyForDeploymentPostprocessing = 0;
		};
/* End PBXSourcesBuildPhase section */

/* Begin PBXVariantGroup section */
		DC9920031C704C0600FE8B30 /* Main.storyboard */ = {
			isa = PBXVariantGroup;
			children = (
				DC9920041C704C0600FE8B30 /* Base */,
			);
			name = Main.storyboard;
			sourceTree = "<group>";
		};
		DC9920081C704C0600FE8B30 /* LaunchScreen.storyboard */ = {
			isa = PBXVariantGroup;
			children = (
				DC9920091C704C0600FE8B30 /* Base */,
			);
			name = LaunchScreen.storyboard;
			sourceTree = "<group>";
		};
/* End PBXVariantGroup section */

/* Begin XCBuildConfiguration section */
		DC99200C1C704C0600FE8B30 /* Debug */ = {
			isa = XCBuildConfiguration;
			buildSettings = {
				ALWAYS_SEARCH_USER_PATHS = NO;
				CLANG_CXX_LANGUAGE_STANDARD = "gnu++0x";
				CLANG_CXX_LIBRARY = "libc++";
				CLANG_ENABLE_MODULES = YES;
				CLANG_ENABLE_OBJC_ARC = YES;
				CLANG_WARN_BOOL_CONVERSION = YES;
				CLANG_WARN_CONSTANT_CONVERSION = YES;
				CLANG_WARN_DIRECT_OBJC_ISA_USAGE = YES_ERROR;
				CLANG_WARN_EMPTY_BODY = YES;
				CLANG_WARN_ENUM_CONVERSION = YES;
				CLANG_WARN_INT_CONVERSION = YES;
				CLANG_WARN_OBJC_ROOT_CLASS = YES_ERROR;
				CLANG_WARN_UNREACHABLE_CODE = YES;
				CLANG_WARN__DUPLICATE_METHOD_MATCH = YES;
				"CODE_SIGN_IDENTITY[sdk=iphoneos*]" = "iPhone Developer";
				COPY_PHASE_STRIP = NO;
				DEBUG_INFORMATION_FORMAT = dwarf;
				ENABLE_STRICT_OBJC_MSGSEND = YES;
				ENABLE_TESTABILITY = YES;
				GCC_C_LANGUAGE_STANDARD = gnu99;
				GCC_DYNAMIC_NO_PIC = NO;
				GCC_NO_COMMON_BLOCKS = YES;
				GCC_OPTIMIZATION_LEVEL = 0;
				GCC_PREPROCESSOR_DEFINITIONS = (
					"DEBUG=1",
					"$(inherited)",
				);
				GCC_WARN_64_TO_32_BIT_CONVERSION = YES;
				GCC_WARN_ABOUT_RETURN_TYPE = YES_ERROR;
				GCC_WARN_UNDECLARED_SELECTOR = YES;
				GCC_WARN_UNINITIALIZED_AUTOS = YES_AGGRESSIVE;
				GCC_WARN_UNUSED_FUNCTION = YES;
				GCC_WARN_UNUSED_VARIABLE = YES;
				IPHONEOS_DEPLOYMENT_TARGET = 9.2;
				MTL_ENABLE_DEBUG_INFO = YES;
				ONLY_ACTIVE_ARCH = YES;
				SDKROOT = iphoneos;
				TARGETED_DEVICE_FAMILY = "1,2";
			};
			name = Debug;
		};
		DC99200D1C704C0600FE8B30 /* Release */ = {
			isa = XCBuildConfiguration;
			buildSettings = {
				ALWAYS_SEARCH_USER_PATHS = NO;
				CLANG_CXX_LANGUAGE_STANDARD = "gnu++0x";
				CLANG_CXX_LIBRARY = "libc++";
				CLANG_ENABLE_MODULES = YES;
				CLANG_ENABLE_OBJC_ARC = YES;
				CLANG_WARN_BOOL_CONVERSION = YES;
				CLANG_WARN_CONSTANT_CONVERSION = YES;
				CLANG_WARN_DIRECT_OBJC_ISA_USAGE = YES_ERROR;
				CLANG_WARN_EMPTY_BODY = YES;
				CLANG_WARN_ENUM_CONVERSION = YES;
				CLANG_WARN_INT_CONVERSION = YES;
				CLANG_WARN_OBJC_ROOT_CLASS = YES_ERROR;
				CLANG_WARN_UNREACHABLE_CODE = YES;
				CLANG_WARN__DUPLICATE_METHOD_MATCH = YES;
				"CODE_SIGN_IDENTITY[sdk=iphoneos*]" = "iPhone Developer";
				COPY_PHASE_STRIP = NO;
				DEBUG_INFORMATION_FORMAT = "dwarf-with-dsym";
				ENABLE_NS_ASSERTIONS = NO;
				ENABLE_STRICT_OBJC_MSGSEND = YES;
				GCC_C_LANGUAGE_STANDARD = gnu99;
				GCC_NO_COMMON_BLOCKS = YES;
				GCC_WARN_64_TO_32_BIT_CONVERSION = YES;
				GCC_WARN_ABOUT_RETURN_TYPE = YES_ERROR;
				GCC_WARN_UNDECLARED_SELECTOR = YES;
				GCC_WARN_UNINITIALIZED_AUTOS = YES_AGGRESSIVE;
				GCC_WARN_UNUSED_FUNCTION = YES;
				GCC_WARN_UNUSED_VARIABLE = YES;
				IPHONEOS_DEPLOYMENT_TARGET = 9.2;
				MTL_ENABLE_DEBUG_INFO = NO;
				SDKROOT = iphoneos;
				TARGETED_DEVICE_FAMILY = "1,2";
				VALIDATE_PRODUCT = YES;
			};
			name = Release;
		};
		DC99200F1C704C0600FE8B30 /* Debug */ = {
			isa = XCBuildConfiguration;
			buildSettings = {
				ASSETCATALOG_COMPILER_APPICON_NAME = AppIcon;
				INFOPLIST_FILE = MyHood/Info.plist;
				LD_RUNPATH_SEARCH_PATHS = "$(inherited) @executable_path/Frameworks";
				PRODUCT_BUNDLE_IDENTIFIER = com.kersuzan.MyHood;
				PRODUCT_NAME = "$(TARGET_NAME)";
			};
			name = Debug;
		};
		DC9920101C704C0600FE8B30 /* Release */ = {
			isa = XCBuildConfiguration;
			buildSettings = {
				ASSETCATALOG_COMPILER_APPICON_NAME = AppIcon;
				INFOPLIST_FILE = MyHood/Info.plist;
				LD_RUNPATH_SEARCH_PATHS = "$(inherited) @executable_path/Frameworks";
				PRODUCT_BUNDLE_IDENTIFIER = com.kersuzan.MyHood;
				PRODUCT_NAME = "$(TARGET_NAME)";
			};
			name = Release;
		};
/* End XCBuildConfiguration section */

/* Begin XCConfigurationList section */
		DC991FF21C704C0600FE8B30 /* Build configuration list for PBXProject "MyHood" */ = {
			isa = XCConfigurationList;
			buildConfigurations = (
				DC99200C1C704C0600FE8B30 /* Debug */,
				DC99200D1C704C0600FE8B30 /* Release */,
			);
			defaultConfigurationIsVisible = 0;
			defaultConfigurationName = Release;
		};
		DC99200E1C704C0600FE8B30 /* Build configuration list for PBXNativeTarget "MyHood" */ = {
			isa = XCConfigurationList;
			buildConfigurations = (
				DC99200F1C704C0600FE8B30 /* Debug */,
				DC9920101C704C0600FE8B30 /* Release */,
			);
			defaultConfigurationIsVisible = 0;
		};
/* End XCConfigurationList section */
	};
	rootObject = DC991FEF1C704C0600FE8B30 /* Project object */;
}
